
Microsoft Visual Studio Solution File, Format Version 12.00
# Visual Studio Version 17
VisualStudioVersion = 17.10.35013.160
MinimumVisualStudioVersion = 10.0.40219.1
Project("{FAE04EC0-301F-11D3-BF4B-00C04F79EFBC}") = "SageMoney.Api", "SageMoney.Api\SageMoney.Api.csproj", "{35067755-8E40-4F65-8BAE-22719A663D4B}"
EndProject
Project("{FAE04EC0-301F-11D3-BF4B-00C04F79EFBC}") = "SageMoney.Core", "SageMoney.Core\SageMoney.Core.csproj", "{44294CF1-EF40-42DE-8EA6-278650DE6439}"
EndProject
Project("{FAE04EC0-301F-11D3-BF4B-00C04F79EFBC}") = "SageMoney.Data", "SageMoney.Data\SageMoney.Data.csproj", "{5CFEE686-B5CF-44F1-94B1-32F5D7FF22F2}"
EndProject
Global
	GlobalSection(SolutionConfigurationPlatforms) = preSolution
		Debug|Any CPU = Debug|Any CPU
		Release|Any CPU = Release|Any CPU
	EndGlobalSection
	GlobalSection(ProjectConfigurationPlatforms) = postSolution
		{35067755-8E40-4F65-8BAE-22719A663D4B}.Debug|Any CPU.ActiveCfg = Debug|Any CPU
		{35067755-8E40-4F65-8BAE-22719A663D4B}.Debug|Any CPU.Build.0 = Debug|Any CPU
		{35067755-8E40-4F65-8BAE-22719A663D4B}.Release|Any CPU.ActiveCfg = Release|Any CPU
		{35067755-8E40-4F65-8BAE-22719A663D4B}.Release|Any CPU.Build.0 = Release|Any CPU
		{44294CF1-EF40-42DE-8EA6-278650DE6439}.Debug|Any CPU.ActiveCfg = Debug|Any CPU
		{44294CF1-EF40-42DE-8EA6-278650DE6439}.Debug|Any CPU.Build.0 = Debug|Any CPU
		{44294CF1-EF40-42DE-8EA6-278650DE6439}.Release|Any CPU.ActiveCfg = Release|Any CPU
		{44294CF1-EF40-42DE-8EA6-278650DE6439}.Release|Any CPU.Build.0 = Release|Any CPU
		{5CFEE686-B5CF-44F1-94B1-32F5D7FF22F2}.Debug|Any CPU.ActiveCfg = Debug|Any CPU
		{5CFEE686-B5CF-44F1-94B1-32F5D7FF22F2}.Debug|Any CPU.Build.0 = Debug|Any CPU
		{5CFEE686-B5CF-44F1-94B1-32F5D7FF22F2}.Release|Any CPU.ActiveCfg = Release|Any CPU
		{5CFEE686-B5CF-44F1-94B1-32F5D7FF22F2}.Release|Any CPU.Build.0 = Release|Any CPU
	EndGlobalSection
	GlobalSection(SolutionProperties) = preSolution
		HideSolutionNode = FALSE
	EndGlobalSection
	GlobalSection(ExtensibilityGlobals) = postSolution
		SolutionGuid = {137A05FA-5260-41E8-80F0-09A1905DFAD1}
	EndGlobalSection
EndGlobal
